
Microsoft Visual Studio Solution File, Format Version 12.00
# Visual Studio Version 16
VisualStudioVersion = 16.0.31129.286
MinimumVisualStudioVersion = 10.0.40219.1
Project("{54435603-DBB4-11D2-8724-00A0C9A8B90C}") = "DS_inst", "DS_inst\DS_inst.vdproj", "{F07E0ACE-5138-45FB-BDA0-367C4BEEFE80}"
EndProject
Global
	GlobalSection(SolutionConfigurationPlatforms) = preSolution
		Debug|Default = Debug|Default
		Release|Default = Release|Default
	EndGlobalSection
	GlobalSection(ProjectConfigurationPlatforms) = postSolution
		{F07E0ACE-5138-45FB-BDA0-367C4BEEFE80}.Debug|Default.ActiveCfg = Debug
		{F07E0ACE-5138-45FB-BDA0-367C4BEEFE80}.Debug|Default.Build.0 = Debug
		{F07E0ACE-5138-45FB-BDA0-367C4BEEFE80}.Release|Default.ActiveCfg = Release
		{F07E0ACE-5138-45FB-BDA0-367C4BEEFE80}.Release|Default.Build.0 = Release
	EndGlobalSection
	GlobalSection(SolutionProperties) = preSolution
		HideSolutionNode = FALSE
	EndGlobalSection
	GlobalSection(ExtensibilityGlobals) = postSolution
		SolutionGuid = {299B3E2B-E91A-44A3-BA6C-FD0E0FD1B76B}
	EndGlobalSection
EndGlobal
